
Microsoft Visual Studio Solution File, Format Version 12.00
# Visual Studio Version 17
VisualStudioVersion = 17.3.32825.248
MinimumVisualStudioVersion = 10.0.40219.1
Project("{FAE04EC0-301F-11D3-BF4B-00C04F79EFBC}") = "проводник", "проводник\проводник.csproj", "{BD79F7B5-7BD9-45D7-A1AB-4965838E8170}"
EndProject
Global
	GlobalSection(SolutionConfigurationPlatforms) = preSolution
		Debug|Any CPU = Debug|Any CPU
		Release|Any CPU = Release|Any CPU
	EndGlobalSection
	GlobalSection(ProjectConfigurationPlatforms) = postSolution
		{BD79F7B5-7BD9-45D7-A1AB-4965838E8170}.Debug|Any CPU.ActiveCfg = Debug|Any CPU
		{BD79F7B5-7BD9-45D7-A1AB-4965838E8170}.Debug|Any CPU.Build.0 = Debug|Any CPU
		{BD79F7B5-7BD9-45D7-A1AB-4965838E8170}.Release|Any CPU.ActiveCfg = Release|Any CPU
		{BD79F7B5-7BD9-45D7-A1AB-4965838E8170}.Release|Any CPU.Build.0 = Release|Any CPU
	EndGlobalSection
	GlobalSection(SolutionProperties) = preSolution
		HideSolutionNode = FALSE
	EndGlobalSection
	GlobalSection(ExtensibilityGlobals) = postSolution
		SolutionGuid = {7ECB1F4B-B0D7-4988-9757-EE239DA92C4B}
	EndGlobalSection
EndGlobal
